// !$*UTF8*$!
{
	archiveVersion = 1;
	classes = {
	};
	objectVersion = 50;
	objects = {

/* Begin PBXBuildFile section */
		7E4F72A32438BAB300E9C1BF /* AppDelegate.swift in Sources */ = {isa = PBXBuildFile; fileRef = 7E4F72A22438BAB300E9C1BF /* AppDelegate.swift */; };
		7E4F72A52438BAB300E9C1BF /* SceneDelegate.swift in Sources */ = {isa = PBXBuildFile; fileRef = 7E4F72A42438BAB300E9C1BF /* SceneDelegate.swift */; };
		7E4F72A72438BAB300E9C1BF /* ViewController.swift in Sources */ = {isa = PBXBuildFile; fileRef = 7E4F72A62438BAB300E9C1BF /* ViewController.swift */; };
		7E4F72AA2438BAB300E9C1BF /* Main.storyboard in Resources */ = {isa = PBXBuildFile; fileRef = 7E4F72A82438BAB300E9C1BF /* Main.storyboard */; };
		7E4F72AC2438BAB500E9C1BF /* Assets.xcassets in Resources */ = {isa = PBXBuildFile; fileRef = 7E4F72AB2438BAB500E9C1BF /* Assets.xcassets */; };
		7E4F72AF2438BAB500E9C1BF /* LaunchScreen.storyboard in Resources */ = {isa = PBXBuildFile; fileRef = 7E4F72AD2438BAB500E9C1BF /* LaunchScreen.storyboard */; };
/* End PBXBuildFile section */

/* Begin PBXFileReference section */
		7E4F729F2438BAB300E9C1BF /* basicProtocol.app */ = {isa = PBXFileReference; explicitFileType = wrapper.application; includeInIndex = 0; path = basicProtocol.app; sourceTree = BUILT_PRODUCTS_DIR; };
		7E4F72A22438BAB300E9C1BF /* AppDelegate.swift */ = {isa = PBXFileReference; lastKnownFileType = sourcecode.swift; path = AppDelegate.swift; sourceTree = "<group>"; };
		7E4F72A42438BAB300E9C1BF /* SceneDelegate.swift */ = {isa = PBXFileReference; lastKnownFileType = sourcecode.swift; path = SceneDelegate.swift; sourceTree = "<group>"; };
		7E4F72A62438BAB300E9C1BF /* ViewController.swift */ = {isa = PBXFileReference; lastKnownFileType = sourcecode.swift; path = ViewController.swift; sourceTree = "<group>"; };
		7E4F72A92438BAB300E9C1BF /* Base */ = {isa = PBXFileReference; lastKnownFileType = file.storyboard; name = Base; path = Base.lproj/Main.storyboard; sourceTree = "<group>"; };
		7E4F72AB2438BAB500E9C1BF /* Assets.xcassets */ = {isa = PBXFileReference; lastKnownFileType = folder.assetcatalog; path = Assets.xcassets; sourceTree = "<group>"; };
		7E4F72AE2438BAB500E9C1BF /* Base */ = {isa = PBXFileReference; lastKnownFileType = file.storyboard; name = Base; path = Base.lproj/LaunchScreen.storyboard; sourceTree = "<group>"; };
		7E4F72B02438BAB500E9C1BF /* Info.plist */ = {isa = PBXFileReference; lastKnownFileType = text.plist.xml; path = Info.plist; sourceTree = "<group>"; };
/* End PBXFileReference section */

/* Begin PBXFrameworksBuildPhase section */
		7E4F729C2438BAB300E9C1BF /* Frameworks */ = {
			isa = PBXFrameworksBuildPhase;
			buildActionMask = 2147483647;
			files = (
			);
			runOnlyForDeploymentPostprocessing = 0;
		};
/* End PBXFrameworksBuildPhase section */

/* Begin PBXGroup section */
		7E4F72962438BAB300E9C1BF = {
			isa = PBXGroup;
			children = (
				7E4F72A12438BAB300E9C1BF /* basicProtocol */,
				7E4F72A02438BAB300E9C1BF /* Products */,
			);
			sourceTree = "<group>";
		};
		7E4F72A02438BAB300E9C1BF /* Products */ = {
			isa = PBXGroup;
			children = (
				7E4F729F2438BAB300E9C1BF /* basicProtocol.app */,
			);
			name = Products;
			sourceTree = "<group>";
		};
		7E4F72A12438BAB300E9C1BF /* basicProtocol */ = {
			isa = PBXGroup;
			children = (
				7E4F72A22438BAB300E9C1BF /* AppDelegate.swift */,
				7E4F72A42438BAB300E9C1BF /* SceneDelegate.swift */,
				7E4F72A62438BAB300E9C1BF /* ViewController.swift */,
				7E4F72A82438BAB300E9C1BF /* Main.storyboard */,
				7E4F72AB2438BAB500E9C1BF /* Assets.xcassets */,
				7E4F72AD2438BAB500E9C1BF /* LaunchScreen.storyboard */,
				7E4F72B02438BAB500E9C1BF /* Info.plist */,
			);
			path = basicProtocol;
			sourceTree = "<group>";
		};
/* End PBXGroup section */

/* Begin PBXNativeTarget section */
		7E4F729E2438BAB300E9C1BF /* basicProtocol */ = {
			isa = PBXNativeTarget;
			buildConfigurationList = 7E4F72B32438BAB500E9C1BF /* Build configuration list for PBXNativeTarget "basicProtocol" */;
			buildPhases = (
				7E4F729B2438BAB300E9C1BF /* Sources */,
				7E4F729C2438BAB300E9C1BF /* Frameworks */,
				7E4F729D2438BAB300E9C1BF /* Resources */,
			);
			buildRules = (
			);
			dependencies = (
			);
			name = basicProtocol;
			productName = basicProtocol;
			productReference = 7E4F729F2438BAB300E9C1BF /* basicProtocol.app */;
			productType = "com.apple.product-type.application";
		};
/* End PBXNativeTarget section */

/* Begin PBXProject section */
		7E4F72972438BAB300E9C1BF /* Project object */ = {
			isa = PBXProject;
			attributes = {
				LastSwiftUpdateCheck = 1140;
				LastUpgradeCheck = 1140;
				ORGANIZATIONNAME = "yuzuru komiya";
				TargetAttributes = {
					7E4F729E2438BAB300E9C1BF = {
						CreatedOnToolsVersion = 11.4;
					};
				};
			};
			buildConfigurationList = 7E4F729A2438BAB300E9C1BF /* Build configuration list for PBXProject "basicProtocol" */;
			compatibilityVersion = "Xcode 9.3";
			developmentRegion = en;
			hasScannedForEncodings = 0;
			knownRegions = (
				en,
				Base,
			);
			mainGroup = 7E4F72962438BAB300E9C1BF;
			productRefGroup = 7E4F72A02438BAB300E9C1BF /* Products */;
			projectDirPath = "";
			projectRoot = "";
			targets = (
				7E4F729E2438BAB300E9C1BF /* basicProtocol */,
			);
		};
/* End PBXProject section */

/* Begin PBXResourcesBuildPhase section */
		7E4F729D2438BAB300E9C1BF /* Resources */ = {
			isa = PBXResourcesBuildPhase;
			buildActionMask = 2147483647;
			files = (
				7E4F72AF2438BAB500E9C1BF /* LaunchScreen.storyboard in Resources */,
				7E4F72AC2438BAB500E9C1BF /* Assets.xcassets in Resources */,
				7E4F72AA2438BAB300E9C1BF /* Main.storyboard in Resources */,
			);
			runOnlyForDeploymentPostprocessing = 0;
		};
/* End PBXResourcesBuildPhase section */

/* Begin PBXSourcesBuildPhase section */
		7E4F729B2438BAB300E9C1BF /* Sources */ = {
			isa = PBXSourcesBuildPhase;
			buildActionMask = 2147483647;
			files = (
				7E4F72A72438BAB300E9C1BF /* ViewController.swift in Sources */,
				7E4F72A32438BAB300E9C1BF /* AppDelegate.swift in Sources */,
				7E4F72A52438BAB300E9C1BF /* SceneDelegate.swift in Sources */,
			);
			runOnlyForDeploymentPostprocessing = 0;
		};
/* End PBXSourcesBuildPhase section */

/* Begin PBXVariantGroup section */
		7E4F72A82438BAB300E9C1BF /* Main.storyboard */ = {
			isa = PBXVariantGroup;
			children = (
				7E4F72A92438BAB300E9C1BF /* Base */,
			);
			name = Main.storyboard;
			sourceTree = "<group>";
		};
		7E4F72AD2438BAB500E9C1BF /* LaunchScreen.storyboard */ = {
			isa = PBXVariantGroup;
			children = (
				7E4F72AE2438BAB500E9C1BF /* Base */,
			);
			name = LaunchScreen.storyboard;
			sourceTree = "<group>";
		};
/* End PBXVariantGroup section */

/* Begin XCBuildConfiguration section */
		7E4F72B12438BAB500E9C1BF /* Debug */ = {
			isa = XCBuildConfiguration;
			buildSettings = {
				ALWAYS_SEARCH_USER_PATHS = NO;
				CLANG_ANALYZER_NONNULL = YES;
				CLANG_ANALYZER_NUMBER_OBJECT_CONVERSION = YES_AGGRESSIVE;
				CLANG_CXX_LANGUAGE_STANDARD = "gnu++14";
				CLANG_CXX_LIBRARY = "libc++";
				CLANG_ENABLE_MODULES = YES;
				CLANG_ENABLE_OBJC_ARC = YES;
				CLANG_ENABLE_OBJC_WEAK = YES;
				CLANG_WARN_BLOCK_CAPTURE_AUTORELEASING = YES;
				CLANG_WARN_BOOL_CONVERSION = YES;
				CLANG_WARN_COMMA = YES;
				CLANG_WARN_CONSTANT_CONVERSION = YES;
				CLANG_WARN_DEPRECATED_OBJC_IMPLEMENTATIONS = YES;
				CLANG_WARN_DIRECT_OBJC_ISA_USAGE = YES_ERROR;
				CLANG_WARN_DOCUMENTATION_COMMENTS = YES;
				CLANG_WARN_EMPTY_BODY = YES;
				CLANG_WARN_ENUM_CONVERSION = YES;
				CLANG_WARN_INFINITE_RECURSION = YES;
				CLANG_WARN_INT_CONVERSION = YES;
				CLANG_WARN_NON_LITERAL_NULL_CONVERSION = YES;
				CLANG_WARN_OBJC_IMPLICIT_RETAIN_SELF = YES;
				CLANG_WARN_OBJC_LITERAL_CONVERSION = YES;
				CLANG_WARN_OBJC_ROOT_CLASS = YES_ERROR;
				CLANG_WARN_RANGE_LOOP_ANALYSIS = YES;
				CLANG_WARN_STRICT_PROTOTYPES = YES;
				CLANG_WARN_SUSPICIOUS_MOVE = YES;
				CLANG_WARN_UNGUARDED_AVAILABILITY = YES_AGGRESSIVE;
				CLANG_WARN_UNREACHABLE_CODE = YES;
				CLANG_WARN__DUPLICATE_METHOD_MATCH = YES;
				COPY_PHASE_STRIP = NO;
				DEBUG_INFORMATION_FORMAT = dwarf;
				ENABLE_STRICT_OBJC_MSGSEND = YES;
				ENABLE_TESTABILITY = YES;
				GCC_C_LANGUAGE_STANDARD = gnu11;
				GCC_DYNAMIC_NO_PIC = NO;
				GCC_NO_COMMON_BLOCKS = YES;
				GCC_OPTIMIZATION_LEVEL = 0;
				GCC_PREPROCESSOR_DEFINITIONS = (
					"DEBUG=1",
					"$(inherited)",
				);
				GCC_WARN_64_TO_32_BIT_CONVERSION = YES;
				GCC_WARN_ABOUT_RETURN_TYPE = YES_ERROR;
				GCC_WARN_UNDECLARED_SELECTOR = YES;
				GCC_WARN_UNINITIALIZED_AUTOS = YES_AGGRESSIVE;
				GCC_WARN_UNUSED_FUNCTION = YES;
				GCC_WARN_UNUSED_VARIABLE = YES;
				IPHONEOS_DEPLOYMENT_TARGET = 13.4;
				MTL_ENABLE_DEBUG_INFO = INCLUDE_SOURCE;
				MTL_FAST_MATH = YES;
				ONLY_ACTIVE_ARCH = YES;
				SDKROOT = iphoneos;
				SWIFT_ACTIVE_COMPILATION_CONDITIONS = DEBUG;
				SWIFT_OPTIMIZATION_LEVEL = "-Onone";
			};
			name = Debug;
		};
		7E4F72B22438BAB500E9C1BF /* Release */ = {
			isa = XCBuildConfiguration;
			buildSettings = {
				ALWAYS_SEARCH_USER_PATHS = NO;
				CLANG_ANALYZER_NONNULL = YES;
				CLANG_ANALYZER_NUMBER_OBJECT_CONVERSION = YES_AGGRESSIVE;
				CLANG_CXX_LANGUAGE_STANDARD = "gnu++14";
				CLANG_CXX_LIBRARY = "libc++";
				CLANG_ENABLE_MODULES = YES;
				CLANG_ENABLE_OBJC_ARC = YES;
				CLANG_ENABLE_OBJC_WEAK = YES;
				CLANG_WARN_BLOCK_CAPTURE_AUTORELEASING = YES;
				CLANG_WARN_BOOL_CONVERSION = YES;
				CLANG_WARN_COMMA = YES;
				CLANG_WARN_CONSTANT_CONVERSION = YES;
				CLANG_WARN_DEPRECATED_OBJC_IMPLEMENTATIONS = YES;
				CLANG_WARN_DIRECT_OBJC_ISA_USAGE = YES_ERROR;
				CLANG_WARN_DOCUMENTATION_COMMENTS = YES;
				CLANG_WARN_EMPTY_BODY = YES;
				CLANG_WARN_ENUM_CONVERSION = YES;
				CLANG_WARN_INFINITE_RECURSION = YES;
				CLANG_WARN_INT_CONVERSION = YES;
				CLANG_WARN_NON_LITERAL_NULL_CONVERSION = YES;
				CLANG_WARN_OBJC_IMPLICIT_RETAIN_SELF = YES;
				CLANG_WARN_OBJC_LITERAL_CONVERSION = YES;
				CLANG_WARN_OBJC_ROOT_CLASS = YES_ERROR;
				CLANG_WARN_RANGE_LOOP_ANALYSIS = YES;
				CLANG_WARN_STRICT_PROTOTYPES = YES;
				CLANG_WARN_SUSPICIOUS_MOVE = YES;
				CLANG_WARN_UNGUARDED_AVAILABILITY = YES_AGGRESSIVE;
				CLANG_WARN_UNREACHABLE_CODE = YES;
				CLANG_WARN__DUPLICATE_METHOD_MATCH = YES;
				COPY_PHASE_STRIP = NO;
				DEBUG_INFORMATION_FORMAT = "dwarf-with-dsym";
				ENABLE_NS_ASSERTIONS = NO;
				ENABLE_STRICT_OBJC_MSGSEND = YES;
				GCC_C_LANGUAGE_STANDARD = gnu11;
				GCC_NO_COMMON_BLOCKS = YES;
				GCC_WARN_64_TO_32_BIT_CONVERSION = YES;
				GCC_WARN_ABOUT_RETURN_TYPE = YES_ERROR;
				GCC_WARN_UNDECLARED_SELECTOR = YES;
				GCC_WARN_UNINITIALIZED_AUTOS = YES_AGGRESSIVE;
				GCC_WARN_UNUSED_FUNCTION = YES;
				GCC_WARN_UNUSED_VARIABLE = YES;
				IPHONEOS_DEPLOYMENT_TARGET = 13.4;
				MTL_ENABLE_DEBUG_INFO = NO;
				MTL_FAST_MATH = YES;
				SDKROOT = iphoneos;
				SWIFT_COMPILATION_MODE = wholemodule;
				SWIFT_OPTIMIZATION_LEVEL = "-O";
				VALIDATE_PRODUCT = YES;
			};
			name = Release;
		};
		7E4F72B42438BAB500E9C1BF /* Debug */ = {
			isa = XCBuildConfiguration;
			buildSettings = {
				ASSETCATALOG_COMPILER_APPICON_NAME = AppIcon;
				CODE_SIGN_STYLE = Automatic;
				DEVELOPMENT_TEAM = 6GJ765URBL;
				INFOPLIST_FILE = basicProtocol/Info.plist;
				LD_RUNPATH_SEARCH_PATHS = (
					"$(inherited)",
					"@executable_path/Frameworks",
				);
				PRODUCT_BUNDLE_IDENTIFIER = com.playground.basicProtocol;
				PRODUCT_NAME = "$(TARGET_NAME)";
				SWIFT_VERSION = 5.0;
				TARGETED_DEVICE_FAMILY = "1,2";
			};
			name = Debug;
		};
		7E4F72B52438BAB500E9C1BF /* Release */ = {
			isa = XCBuildConfiguration;
			buildSettings = {
				ASSETCATALOG_COMPILER_APPICON_NAME = AppIcon;
				CODE_SIGN_STYLE = Automatic;
				DEVELOPMENT_TEAM = 6GJ765URBL;
				INFOPLIST_FILE = basicProtocol/Info.plist;
				LD_RUNPATH_SEARCH_PATHS = (
					"$(inherited)",
					"@executable_path/Frameworks",
				);
				PRODUCT_BUNDLE_IDENTIFIER = com.playground.basicProtocol;
				PRODUCT_NAME = "$(TARGET_NAME)";
				SWIFT_VERSION = 5.0;
				TARGETED_DEVICE_FAMILY = "1,2";
			};
			name = Release;
		};
/* End XCBuildConfiguration section */

/* Begin XCConfigurationList section */
		7E4F729A2438BAB300E9C1BF /* Build configuration list for PBXProject "basicProtocol" */ = {
			isa = XCConfigurationList;
			buildConfigurations = (
				7E4F72B12438BAB500E9C1BF /* Debug */,
				7E4F72B22438BAB500E9C1BF /* Release */,
			);
			defaultConfigurationIsVisible = 0;
			defaultConfigurationName = Release;
		};
		7E4F72B32438BAB500E9C1BF /* Build configuration list for PBXNativeTarget "basicProtocol" */ = {
			isa = XCConfigurationList;
			buildConfigurations = (
				7E4F72B42438BAB500E9C1BF /* Debug */,
				7E4F72B52438BAB500E9C1BF /* Release */,
			);
			defaultConfigurationIsVisible = 0;
			defaultConfigurationName = Release;
		};
/* End XCConfigurationList section */
	};
	rootObject = 7E4F72972438BAB300E9C1BF /* Project object */;
}
